// !$*UTF8*$!
{
	archiveVersion = 1;
	classes = {
	};
	objectVersion = 46;
	objects = {

/* Begin PBXBuildFile section */
		AB5AB78619BF44F800588A77 /* Foundation.framework in Frameworks */ = {isa = PBXBuildFile; fileRef = AB5AB78519BF44F800588A77 /* Foundation.framework */; };
		AB5AB78819BF44F800588A77 /* CoreGraphics.framework in Frameworks */ = {isa = PBXBuildFile; fileRef = AB5AB78719BF44F800588A77 /* CoreGraphics.framework */; };
		AB5AB78A19BF44F800588A77 /* UIKit.framework in Frameworks */ = {isa = PBXBuildFile; fileRef = AB5AB78919BF44F800588A77 /* UIKit.framework */; };
		AB5AB79019BF44F800588A77 /* InfoPlist.strings in Resources */ = {isa = PBXBuildFile; fileRef = AB5AB78E19BF44F800588A77 /* InfoPlist.strings */; };
		AB5AB79219BF44F800588A77 /* main.m in Sources */ = {isa = PBXBuildFile; fileRef = AB5AB79119BF44F800588A77 /* main.m */; };
		AB5AB79619BF44F800588A77 /* AppDelegate.m in Sources */ = {isa = PBXBuildFile; fileRef = AB5AB79519BF44F800588A77 /* AppDelegate.m */; };
		AB5AB79919BF44F800588A77 /* Main.storyboard in Resources */ = {isa = PBXBuildFile; fileRef = AB5AB79719BF44F800588A77 /* Main.storyboard */; };
		AB5AB79C19BF44F800588A77 /* ViewController.m in Sources */ = {isa = PBXBuildFile; fileRef = AB5AB79B19BF44F800588A77 /* ViewController.m */; };
		AB5AB79E19BF44F800588A77 /* Images.xcassets in Resources */ = {isa = PBXBuildFile; fileRef = AB5AB79D19BF44F800588A77 /* Images.xcassets */; };
		AB5AB7A519BF44F800588A77 /* XCTest.framework in Frameworks */ = {isa = PBXBuildFile; fileRef = AB5AB7A419BF44F800588A77 /* XCTest.framework */; };
		AB5AB7A619BF44F800588A77 /* Foundation.framework in Frameworks */ = {isa = PBXBuildFile; fileRef = AB5AB78519BF44F800588A77 /* Foundation.framework */; };
		AB5AB7A719BF44F800588A77 /* UIKit.framework in Frameworks */ = {isa = PBXBuildFile; fileRef = AB5AB78919BF44F800588A77 /* UIKit.framework */; };
		AB5AB7AF19BF44F800588A77 /* InfoPlist.strings in Resources */ = {isa = PBXBuildFile; fileRef = AB5AB7AD19BF44F800588A77 /* InfoPlist.strings */; };
		AB5AB7B119BF44F800588A77 /* EstimoteTestTests.m in Sources */ = {isa = PBXBuildFile; fileRef = AB5AB7B019BF44F800588A77 /* EstimoteTestTests.m */; };
/* End PBXBuildFile section */

/* Begin PBXContainerItemProxy section */
		AB5AB7A819BF44F800588A77 /* PBXContainerItemProxy */ = {
			isa = PBXContainerItemProxy;
			containerPortal = AB5AB77A19BF44F800588A77 /* Project object */;
			proxyType = 1;
			remoteGlobalIDString = AB5AB78119BF44F800588A77;
			remoteInfo = EstimoteTest;
		};
/* End PBXContainerItemProxy section */

/* Begin PBXFileReference section */
		AB5AB78219BF44F800588A77 /* EstimoteTest.app */ = {isa = PBXFileReference; explicitFileType = wrapper.application; includeInIndex = 0; path = EstimoteTest.app; sourceTree = BUILT_PRODUCTS_DIR; };
		AB5AB78519BF44F800588A77 /* Foundation.framework */ = {isa = PBXFileReference; lastKnownFileType = wrapper.framework; name = Foundation.framework; path = System/Library/Frameworks/Foundation.framework; sourceTree = SDKROOT; };
		AB5AB78719BF44F800588A77 /* CoreGraphics.framework */ = {isa = PBXFileReference; lastKnownFileType = wrapper.framework; name = CoreGraphics.framework; path = System/Library/Frameworks/CoreGraphics.framework; sourceTree = SDKROOT; };
		AB5AB78919BF44F800588A77 /* UIKit.framework */ = {isa = PBXFileReference; lastKnownFileType = wrapper.framework; name = UIKit.framework; path = System/Library/Frameworks/UIKit.framework; sourceTree = SDKROOT; };
		AB5AB78D19BF44F800588A77 /* EstimoteTest-Info.plist */ = {isa = PBXFileReference; lastKnownFileType = text.plist.xml; path = "EstimoteTest-Info.plist"; sourceTree = "<group>"; };
		AB5AB78F19BF44F800588A77 /* en */ = {isa = PBXFileReference; lastKnownFileType = text.plist.strings; name = en; path = en.lproj/InfoPlist.strings; sourceTree = "<group>"; };
		AB5AB79119BF44F800588A77 /* main.m */ = {isa = PBXFileReference; lastKnownFileType = sourcecode.c.objc; path = main.m; sourceTree = "<group>"; };
		AB5AB79319BF44F800588A77 /* EstimoteTest-Prefix.pch */ = {isa = PBXFileReference; lastKnownFileType = sourcecode.c.h; path = "EstimoteTest-Prefix.pch"; sourceTree = "<group>"; };
		AB5AB79419BF44F800588A77 /* AppDelegate.h */ = {isa = PBXFileReference; lastKnownFileType = sourcecode.c.h; path = AppDelegate.h; sourceTree = "<group>"; };
		AB5AB79519BF44F800588A77 /* AppDelegate.m */ = {isa = PBXFileReference; lastKnownFileType = sourcecode.c.objc; path = AppDelegate.m; sourceTree = "<group>"; };
		AB5AB79819BF44F800588A77 /* Base */ = {isa = PBXFileReference; lastKnownFileType = file.storyboard; name = Base; path = Base.lproj/Main.storyboard; sourceTree = "<group>"; };
		AB5AB79A19BF44F800588A77 /* ViewController.h */ = {isa = PBXFileReference; lastKnownFileType = sourcecode.c.h; path = ViewController.h; sourceTree = "<group>"; };
		AB5AB79B19BF44F800588A77 /* ViewController.m */ = {isa = PBXFileReference; lastKnownFileType = sourcecode.c.objc; path = ViewController.m; sourceTree = "<group>"; };
		AB5AB79D19BF44F800588A77 /* Images.xcassets */ = {isa = PBXFileReference; lastKnownFileType = folder.assetcatalog; path = Images.xcassets; sourceTree = "<group>"; };
		AB5AB7A319BF44F800588A77 /* EstimoteTestTests.xctest */ = {isa = PBXFileReference; explicitFileType = wrapper.cfbundle; includeInIndex = 0; path = EstimoteTestTests.xctest; sourceTree = BUILT_PRODUCTS_DIR; };
		AB5AB7A419BF44F800588A77 /* XCTest.framework */ = {isa = PBXFileReference; lastKnownFileType = wrapper.framework; name = XCTest.framework; path = Library/Frameworks/XCTest.framework; sourceTree = DEVELOPER_DIR; };
		AB5AB7AC19BF44F800588A77 /* EstimoteTestTests-Info.plist */ = {isa = PBXFileReference; lastKnownFileType = text.plist.xml; path = "EstimoteTestTests-Info.plist"; sourceTree = "<group>"; };
		AB5AB7AE19BF44F800588A77 /* en */ = {isa = PBXFileReference; lastKnownFileType = text.plist.strings; name = en; path = en.lproj/InfoPlist.strings; sourceTree = "<group>"; };
		AB5AB7B019BF44F800588A77 /* EstimoteTestTests.m */ = {isa = PBXFileReference; lastKnownFileType = sourcecode.c.objc; path = EstimoteTestTests.m; sourceTree = "<group>"; };
/* End PBXFileReference section */

/* Begin PBXFrameworksBuildPhase section */
		AB5AB77F19BF44F800588A77 /* Frameworks */ = {
			isa = PBXFrameworksBuildPhase;
			buildActionMask = 2147483647;
			files = (
				AB5AB78819BF44F800588A77 /* CoreGraphics.framework in Frameworks */,
				AB5AB78A19BF44F800588A77 /* UIKit.framework in Frameworks */,
				AB5AB78619BF44F800588A77 /* Foundation.framework in Frameworks */,
			);
			runOnlyForDeploymentPostprocessing = 0;
		};
		AB5AB7A019BF44F800588A77 /* Frameworks */ = {
			isa = PBXFrameworksBuildPhase;
			buildActionMask = 2147483647;
			files = (
				AB5AB7A519BF44F800588A77 /* XCTest.framework in Frameworks */,
				AB5AB7A719BF44F800588A77 /* UIKit.framework in Frameworks */,
				AB5AB7A619BF44F800588A77 /* Foundation.framework in Frameworks */,
			);
			runOnlyForDeploymentPostprocessing = 0;
		};
/* End PBXFrameworksBuildPhase section */

/* Begin PBXGroup section */
		AB5AB77919BF44F800588A77 = {
			isa = PBXGroup;
			children = (
				AB5AB78B19BF44F800588A77 /* EstimoteTest */,
				AB5AB7AA19BF44F800588A77 /* EstimoteTestTests */,
				AB5AB78419BF44F800588A77 /* Frameworks */,
				AB5AB78319BF44F800588A77 /* Products */,
			);
			sourceTree = "<group>";
		};
		AB5AB78319BF44F800588A77 /* Products */ = {
			isa = PBXGroup;
			children = (
				AB5AB78219BF44F800588A77 /* EstimoteTest.app */,
				AB5AB7A319BF44F800588A77 /* EstimoteTestTests.xctest */,
			);
			name = Products;
			sourceTree = "<group>";
		};
		AB5AB78419BF44F800588A77 /* Frameworks */ = {
			isa = PBXGroup;
			children = (
				AB5AB78519BF44F800588A77 /* Foundation.framework */,
				AB5AB78719BF44F800588A77 /* CoreGraphics.framework */,
				AB5AB78919BF44F800588A77 /* UIKit.framework */,
				AB5AB7A419BF44F800588A77 /* XCTest.framework */,
			);
			name = Frameworks;
			sourceTree = "<group>";
		};
		AB5AB78B19BF44F800588A77 /* EstimoteTest */ = {
			isa = PBXGroup;
			children = (
				AB5AB79419BF44F800588A77 /* AppDelegate.h */,
				AB5AB79519BF44F800588A77 /* AppDelegate.m */,
				AB5AB79719BF44F800588A77 /* Main.storyboard */,
				AB5AB79A19BF44F800588A77 /* ViewController.h */,
				AB5AB79B19BF44F800588A77 /* ViewController.m */,
				AB5AB79D19BF44F800588A77 /* Images.xcassets */,
				AB5AB78C19BF44F800588A77 /* Supporting Files */,
			);
			path = EstimoteTest;
			sourceTree = "<group>";
		};
		AB5AB78C19BF44F800588A77 /* Supporting Files */ = {
			isa = PBXGroup;
			children = (
				AB5AB78D19BF44F800588A77 /* EstimoteTest-Info.plist */,
				AB5AB78E19BF44F800588A77 /* InfoPlist.strings */,
				AB5AB79119BF44F800588A77 /* main.m */,
				AB5AB79319BF44F800588A77 /* EstimoteTest-Prefix.pch */,
			);
			name = "Supporting Files";
			sourceTree = "<group>";
		};
		AB5AB7AA19BF44F800588A77 /* EstimoteTestTests */ = {
			isa = PBXGroup;
			children = (
				AB5AB7B019BF44F800588A77 /* EstimoteTestTests.m */,
				AB5AB7AB19BF44F800588A77 /* Supporting Files */,
			);
			path = EstimoteTestTests;
			sourceTree = "<group>";
		};
		AB5AB7AB19BF44F800588A77 /* Supporting Files */ = {
			isa = PBXGroup;
			children = (
				AB5AB7AC19BF44F800588A77 /* EstimoteTestTests-Info.plist */,
				AB5AB7AD19BF44F800588A77 /* InfoPlist.strings */,
			);
			name = "Supporting Files";
			sourceTree = "<group>";
		};
/* End PBXGroup section */

/* Begin PBXNativeTarget section */
		AB5AB78119BF44F800588A77 /* EstimoteTest */ = {
			isa = PBXNativeTarget;
			buildConfigurationList = AB5AB7B419BF44F800588A77 /* Build configuration list for PBXNativeTarget "EstimoteTest" */;
			buildPhases = (
				AB5AB77E19BF44F800588A77 /* Sources */,
				AB5AB77F19BF44F800588A77 /* Frameworks */,
				AB5AB78019BF44F800588A77 /* Resources */,
			);
			buildRules = (
			);
			dependencies = (
			);
			name = EstimoteTest;
			productName = EstimoteTest;
			productReference = AB5AB78219BF44F800588A77 /* EstimoteTest.app */;
			productType = "com.apple.product-type.application";
		};
		AB5AB7A219BF44F800588A77 /* EstimoteTestTests */ = {
			isa = PBXNativeTarget;
			buildConfigurationList = AB5AB7B719BF44F800588A77 /* Build configuration list for PBXNativeTarget "EstimoteTestTests" */;
			buildPhases = (
				AB5AB79F19BF44F800588A77 /* Sources */,
				AB5AB7A019BF44F800588A77 /* Frameworks */,
				AB5AB7A119BF44F800588A77 /* Resources */,
			);
			buildRules = (
			);
			dependencies = (
				AB5AB7A919BF44F800588A77 /* PBXTargetDependency */,
			);
			name = EstimoteTestTests;
			productName = EstimoteTestTests;
			productReference = AB5AB7A319BF44F800588A77 /* EstimoteTestTests.xctest */;
			productType = "com.apple.product-type.bundle.unit-test";
		};
/* End PBXNativeTarget section */

/* Begin PBXProject section */
		AB5AB77A19BF44F800588A77 /* Project object */ = {
			isa = PBXProject;
			attributes = {
				LastUpgradeCheck = 0510;
				ORGANIZATIONNAME = Ruitzei;
				TargetAttributes = {
					AB5AB7A219BF44F800588A77 = {
						TestTargetID = AB5AB78119BF44F800588A77;
					};
				};
			};
			buildConfigurationList = AB5AB77D19BF44F800588A77 /* Build configuration list for PBXProject "EstimoteTest" */;
			compatibilityVersion = "Xcode 3.2";
			developmentRegion = English;
			hasScannedForEncodings = 0;
			knownRegions = (
				en,
				Base,
			);
			mainGroup = AB5AB77919BF44F800588A77;
			productRefGroup = AB5AB78319BF44F800588A77 /* Products */;
			projectDirPath = "";
			projectRoot = "";
			targets = (
				AB5AB78119BF44F800588A77 /* EstimoteTest */,
				AB5AB7A219BF44F800588A77 /* EstimoteTestTests */,
			);
		};
/* End PBXProject section */

/* Begin PBXResourcesBuildPhase section */
		AB5AB78019BF44F800588A77 /* Resources */ = {
			isa = PBXResourcesBuildPhase;
			buildActionMask = 2147483647;
			files = (
				AB5AB79E19BF44F800588A77 /* Images.xcassets in Resources */,
				AB5AB79019BF44F800588A77 /* InfoPlist.strings in Resources */,
				AB5AB79919BF44F800588A77 /* Main.storyboard in Resources */,
			);
			runOnlyForDeploymentPostprocessing = 0;
		};
		AB5AB7A119BF44F800588A77 /* Resources */ = {
			isa = PBXResourcesBuildPhase;
			buildActionMask = 2147483647;
			files = (
				AB5AB7AF19BF44F800588A77 /* InfoPlist.strings in Resources */,
			);
			runOnlyForDeploymentPostprocessing = 0;
		};
/* End PBXResourcesBuildPhase section */

/* Begin PBXSourcesBuildPhase section */
		AB5AB77E19BF44F800588A77 /* Sources */ = {
			isa = PBXSourcesBuildPhase;
			buildActionMask = 2147483647;
			files = (
				AB5AB79C19BF44F800588A77 /* ViewController.m in Sources */,
				AB5AB79619BF44F800588A77 /* AppDelegate.m in Sources */,
				AB5AB79219BF44F800588A77 /* main.m in Sources */,
			);
			runOnlyForDeploymentPostprocessing = 0;
		};
		AB5AB79F19BF44F800588A77 /* Sources */ = {
			isa = PBXSourcesBuildPhase;
			buildActionMask = 2147483647;
			files = (
				AB5AB7B119BF44F800588A77 /* EstimoteTestTests.m in Sources */,
			);
			runOnlyForDeploymentPostprocessing = 0;
		};
/* End PBXSourcesBuildPhase section */

/* Begin PBXTargetDependency section */
		AB5AB7A919BF44F800588A77 /* PBXTargetDependency */ = {
			isa = PBXTargetDependency;
			target = AB5AB78119BF44F800588A77 /* EstimoteTest */;
			targetProxy = AB5AB7A819BF44F800588A77 /* PBXContainerItemProxy */;
		};
/* End PBXTargetDependency section */

/* Begin PBXVariantGroup section */
		AB5AB78E19BF44F800588A77 /* InfoPlist.strings */ = {
			isa = PBXVariantGroup;
			children = (
				AB5AB78F19BF44F800588A77 /* en */,
			);
			name = InfoPlist.strings;
			sourceTree = "<group>";
		};
		AB5AB79719BF44F800588A77 /* Main.storyboard */ = {
			isa = PBXVariantGroup;
			children = (
				AB5AB79819BF44F800588A77 /* Base */,
			);
			name = Main.storyboard;
			sourceTree = "<group>";
		};
		AB5AB7AD19BF44F800588A77 /* InfoPlist.strings */ = {
			isa = PBXVariantGroup;
			children = (
				AB5AB7AE19BF44F800588A77 /* en */,
			);
			name = InfoPlist.strings;
			sourceTree = "<group>";
		};
/* End PBXVariantGroup section */

/* Begin XCBuildConfiguration section */
		AB5AB7B219BF44F800588A77 /* Debug */ = {
			isa = XCBuildConfiguration;
			buildSettings = {
				ALWAYS_SEARCH_USER_PATHS = NO;
				CLANG_CXX_LANGUAGE_STANDARD = "gnu++0x";
				CLANG_CXX_LIBRARY = "libc++";
				CLANG_ENABLE_MODULES = YES;
				CLANG_ENABLE_OBJC_ARC = YES;
				CLANG_WARN_BOOL_CONVERSION = YES;
				CLANG_WARN_CONSTANT_CONVERSION = YES;
				CLANG_WARN_DIRECT_OBJC_ISA_USAGE = YES_ERROR;
				CLANG_WARN_EMPTY_BODY = YES;
				CLANG_WARN_ENUM_CONVERSION = YES;
				CLANG_WARN_INT_CONVERSION = YES;
				CLANG_WARN_OBJC_ROOT_CLASS = YES_ERROR;
				CLANG_WARN__DUPLICATE_METHOD_MATCH = YES;
				"CODE_SIGN_IDENTITY[sdk=iphoneos*]" = "iPhone Developer";
				COPY_PHASE_STRIP = NO;
				GCC_C_LANGUAGE_STANDARD = gnu99;
				GCC_DYNAMIC_NO_PIC = NO;
				GCC_OPTIMIZATION_LEVEL = 0;
				GCC_PREPROCESSOR_DEFINITIONS = (
					"DEBUG=1",
					"$(inherited)",
				);
				GCC_SYMBOLS_PRIVATE_EXTERN = NO;
				GCC_WARN_64_TO_32_BIT_CONVERSION = YES;
				GCC_WARN_ABOUT_RETURN_TYPE = YES_ERROR;
				GCC_WARN_UNDECLARED_SELECTOR = YES;
				GCC_WARN_UNINITIALIZED_AUTOS = YES_AGGRESSIVE;
				GCC_WARN_UNUSED_FUNCTION = YES;
				GCC_WARN_UNUSED_VARIABLE = YES;
				IPHONEOS_DEPLOYMENT_TARGET = 7.1;
				ONLY_ACTIVE_ARCH = YES;
				SDKROOT = iphoneos;
			};
			name = Debug;
		};
		AB5AB7B319BF44F800588A77 /* Release */ = {
			isa = XCBuildConfiguration;
			buildSettings = {
				ALWAYS_SEARCH_USER_PATHS = NO;
				CLANG_CXX_LANGUAGE_STANDARD = "gnu++0x";
				CLANG_CXX_LIBRARY = "libc++";
				CLANG_ENABLE_MODULES = YES;
				CLANG_ENABLE_OBJC_ARC = YES;
				CLANG_WARN_BOOL_CONVERSION = YES;
				CLANG_WARN_CONSTANT_CONVERSION = YES;
				CLANG_WARN_DIRECT_OBJC_ISA_USAGE = YES_ERROR;
				CLANG_WARN_EMPTY_BODY = YES;
				CLANG_WARN_ENUM_CONVERSION = YES;
				CLANG_WARN_INT_CONVERSION = YES;
				CLANG_WARN_OBJC_ROOT_CLASS = YES_ERROR;
				CLANG_WARN__DUPLICATE_METHOD_MATCH = YES;
				"CODE_SIGN_IDENTITY[sdk=iphoneos*]" = "iPhone Developer";
				COPY_PHASE_STRIP = YES;
				ENABLE_NS_ASSERTIONS = NO;
				GCC_C_LANGUAGE_STANDARD = gnu99;
				GCC_WARN_64_TO_32_BIT_CONVERSION = YES;
				GCC_WARN_ABOUT_RETURN_TYPE = YES_ERROR;
				GCC_WARN_UNDECLARED_SELECTOR = YES;
				GCC_WARN_UNINITIALIZED_AUTOS = YES_AGGRESSIVE;
				GCC_WARN_UNUSED_FUNCTION = YES;
				GCC_WARN_UNUSED_VARIABLE = YES;
				IPHONEOS_DEPLOYMENT_TARGET = 7.1;
				SDKROOT = iphoneos;
				VALIDATE_PRODUCT = YES;
			};
			name = Release;
		};
		AB5AB7B519BF44F800588A77 /* Debug */ = {
			isa = XCBuildConfiguration;
			buildSettings = {
				ASSETCATALOG_COMPILER_APPICON_NAME = AppIcon;
				ASSETCATALOG_COMPILER_LAUNCHIMAGE_NAME = LaunchImage;
				GCC_PRECOMPILE_PREFIX_HEADER = YES;
				GCC_PREFIX_HEADER = "EstimoteTest/EstimoteTest-Prefix.pch";
				INFOPLIST_FILE = "EstimoteTest/EstimoteTest-Info.plist";
				PRODUCT_NAME = "$(TARGET_NAME)";
				WRAPPER_EXTENSION = app;
			};
			name = Debug;
		};
		AB5AB7B619BF44F800588A77 /* Release */ = {
			isa = XCBuildConfiguration;
			buildSettings = {
				ASSETCATALOG_COMPILER_APPICON_NAME = AppIcon;
				ASSETCATALOG_COMPILER_LAUNCHIMAGE_NAME = LaunchImage;
				GCC_PRECOMPILE_PREFIX_HEADER = YES;
				GCC_PREFIX_HEADER = "EstimoteTest/EstimoteTest-Prefix.pch";
				INFOPLIST_FILE = "EstimoteTest/EstimoteTest-Info.plist";
				PRODUCT_NAME = "$(TARGET_NAME)";
				WRAPPER_EXTENSION = app;
			};
			name = Release;
		};
		AB5AB7B819BF44F800588A77 /* Debug */ = {
			isa = XCBuildConfiguration;
			buildSettings = {
				BUNDLE_LOADER = "$(BUILT_PRODUCTS_DIR)/EstimoteTest.app/EstimoteTest";
				FRAMEWORK_SEARCH_PATHS = (
					"$(SDKROOT)/Developer/Library/Frameworks",
					"$(inherited)",
					"$(DEVELOPER_FRAMEWORKS_DIR)",
				);
				GCC_PRECOMPILE_PREFIX_HEADER = YES;
				GCC_PREFIX_HEADER = "EstimoteTest/EstimoteTest-Prefix.pch";
				GCC_PREPROCESSOR_DEFINITIONS = (
					"DEBUG=1",
					"$(inherited)",
				);
				INFOPLIST_FILE = "EstimoteTestTests/EstimoteTestTests-Info.plist";
				PRODUCT_NAME = "$(TARGET_NAME)";
				TEST_HOST = "$(BUNDLE_LOADER)";
				WRAPPER_EXTENSION = xctest;
			};
			name = Debug;
		};
		AB5AB7B919BF44F800588A77 /* Release */ = {
			isa = XCBuildConfiguration;
			buildSettings = {
				BUNDLE_LOADER = "$(BUILT_PRODUCTS_DIR)/EstimoteTest.app/EstimoteTest";
				FRAMEWORK_SEARCH_PATHS = (
					"$(SDKROOT)/Developer/Library/Frameworks",
					"$(inherited)",
					"$(DEVELOPER_FRAMEWORKS_DIR)",
				);
				GCC_PRECOMPILE_PREFIX_HEADER = YES;
				GCC_PREFIX_HEADER = "EstimoteTest/EstimoteTest-Prefix.pch";
				INFOPLIST_FILE = "EstimoteTestTests/EstimoteTestTests-Info.plist";
				PRODUCT_NAME = "$(TARGET_NAME)";
				TEST_HOST = "$(BUNDLE_LOADER)";
				WRAPPER_EXTENSION = xctest;
			};
			name = Release;
		};
/* End XCBuildConfiguration section */

/* Begin XCConfigurationList section */
		AB5AB77D19BF44F800588A77 /* Build configuration list for PBXProject "EstimoteTest" */ = {
			isa = XCConfigurationList;
			buildConfigurations = (
				AB5AB7B219BF44F800588A77 /* Debug */,
				AB5AB7B319BF44F800588A77 /* Release */,
			);
			defaultConfigurationIsVisible = 0;
			defaultConfigurationName = Release;
		};
		AB5AB7B419BF44F800588A77 /* Build configuration list for PBXNativeTarget "EstimoteTest" */ = {
			isa = XCConfigurationList;
			buildConfigurations = (
				AB5AB7B519BF44F800588A77 /* Debug */,
				AB5AB7B619BF44F800588A77 /* Release */,
			);
			defaultConfigurationIsVisible = 0;
		};
		AB5AB7B719BF44F800588A77 /* Build configuration list for PBXNativeTarget "EstimoteTestTests" */ = {
			isa = XCConfigurationList;
			buildConfigurations = (
				AB5AB7B819BF44F800588A77 /* Debug */,
				AB5AB7B919BF44F800588A77 /* Release */,
			);
			defaultConfigurationIsVisible = 0;
		};
/* End XCConfigurationList section */
	};
	rootObject = AB5AB77A19BF44F800588A77 /* Project object */;
}
